
Microsoft Visual Studio Solution File, Format Version 12.00
# Visual Studio Version 17
VisualStudioVersion = 17.0.31903.59
MinimumVisualStudioVersion = 10.0.40219.1
Project("{9A19103F-16F7-4668-BE54-9A1E7A4F7556}") = "day07", "day07\day07.csproj", "{3398FBBE-A593-4F2F-BFF2-913F906B8B66}"
EndProject
Project("{9A19103F-16F7-4668-BE54-9A1E7A4F7556}") = "day07.test", "day07.test\day07.test.csproj", "{3A0078CA-FE95-4B22-80D2-16DAA86E4FDA}"
EndProject
Global
	GlobalSection(SolutionConfigurationPlatforms) = preSolution
		Debug|Any CPU = Debug|Any CPU
		Release|Any CPU = Release|Any CPU
	EndGlobalSection
	GlobalSection(ProjectConfigurationPlatforms) = postSolution
		{3398FBBE-A593-4F2F-BFF2-913F906B8B66}.Debug|Any CPU.ActiveCfg = Debug|Any CPU
		{3398FBBE-A593-4F2F-BFF2-913F906B8B66}.Debug|Any CPU.Build.0 = Debug|Any CPU
		{3398FBBE-A593-4F2F-BFF2-913F906B8B66}.Release|Any CPU.ActiveCfg = Release|Any CPU
		{3398FBBE-A593-4F2F-BFF2-913F906B8B66}.Release|Any CPU.Build.0 = Release|Any CPU
		{3A0078CA-FE95-4B22-80D2-16DAA86E4FDA}.Debug|Any CPU.ActiveCfg = Debug|Any CPU
		{3A0078CA-FE95-4B22-80D2-16DAA86E4FDA}.Debug|Any CPU.Build.0 = Debug|Any CPU
		{3A0078CA-FE95-4B22-80D2-16DAA86E4FDA}.Release|Any CPU.ActiveCfg = Release|Any CPU
		{3A0078CA-FE95-4B22-80D2-16DAA86E4FDA}.Release|Any CPU.Build.0 = Release|Any CPU
	EndGlobalSection
	GlobalSection(SolutionProperties) = preSolution
		HideSolutionNode = FALSE
	EndGlobalSection
	GlobalSection(ExtensibilityGlobals) = postSolution
		SolutionGuid = {FF27A0D0-188F-4417-9149-99AEBC825E0F}
	EndGlobalSection
EndGlobal
