
Microsoft Visual Studio Solution File, Format Version 12.00
# Visual Studio Version 17
VisualStudioVersion = 17.0.31903.59
MinimumVisualStudioVersion = 10.0.40219.1
Project("{9A19103F-16F7-4668-BE54-9A1E7A4F7556}") = "day01", "program\day01.csproj", "{25D30036-F41F-40E1-B2F4-8B66D2B02225}"
EndProject
Project("{9A19103F-16F7-4668-BE54-9A1E7A4F7556}") = "ElvesTest", "test\ElvesTest.csproj", "{1642A6E4-6C9B-4085-8638-A20D2A9ADE0D}"
EndProject
Global
	GlobalSection(SolutionConfigurationPlatforms) = preSolution
		Debug|Any CPU = Debug|Any CPU
		Release|Any CPU = Release|Any CPU
	EndGlobalSection
	GlobalSection(ProjectConfigurationPlatforms) = postSolution
		{25D30036-F41F-40E1-B2F4-8B66D2B02225}.Debug|Any CPU.ActiveCfg = Debug|Any CPU
		{25D30036-F41F-40E1-B2F4-8B66D2B02225}.Debug|Any CPU.Build.0 = Debug|Any CPU
		{25D30036-F41F-40E1-B2F4-8B66D2B02225}.Release|Any CPU.ActiveCfg = Release|Any CPU
		{25D30036-F41F-40E1-B2F4-8B66D2B02225}.Release|Any CPU.Build.0 = Release|Any CPU
		{1642A6E4-6C9B-4085-8638-A20D2A9ADE0D}.Debug|Any CPU.ActiveCfg = Debug|Any CPU
		{1642A6E4-6C9B-4085-8638-A20D2A9ADE0D}.Debug|Any CPU.Build.0 = Debug|Any CPU
		{1642A6E4-6C9B-4085-8638-A20D2A9ADE0D}.Release|Any CPU.ActiveCfg = Release|Any CPU
		{1642A6E4-6C9B-4085-8638-A20D2A9ADE0D}.Release|Any CPU.Build.0 = Release|Any CPU
	EndGlobalSection
	GlobalSection(SolutionProperties) = preSolution
		HideSolutionNode = FALSE
	EndGlobalSection
	GlobalSection(ExtensibilityGlobals) = postSolution
		SolutionGuid = {6498D053-9389-4FB1-AFAA-706EEAB7CBAE}
	EndGlobalSection
EndGlobal
