
Microsoft Visual Studio Solution File, Format Version 12.00
# Visual Studio Version 17
VisualStudioVersion = 17.4.33110.190
MinimumVisualStudioVersion = 10.0.40219.1
Project("{FAE04EC0-301F-11D3-BF4B-00C04F79EFBC}") = "Day03", "Day03\Day03.csproj", "{66F928D6-BBFC-4403-8B99-D54BC4FD820F}"
EndProject
Project("{FAE04EC0-301F-11D3-BF4B-00C04F79EFBC}") = "TestProject", "TestProject\TestProject.csproj", "{C80464DB-A2CA-45B1-95BE-7B22CECD108C}"
EndProject
Global
	GlobalSection(SolutionConfigurationPlatforms) = preSolution
		Debug|Any CPU = Debug|Any CPU
		Release|Any CPU = Release|Any CPU
	EndGlobalSection
	GlobalSection(ProjectConfigurationPlatforms) = postSolution
		{66F928D6-BBFC-4403-8B99-D54BC4FD820F}.Debug|Any CPU.ActiveCfg = Debug|Any CPU
		{66F928D6-BBFC-4403-8B99-D54BC4FD820F}.Debug|Any CPU.Build.0 = Debug|Any CPU
		{66F928D6-BBFC-4403-8B99-D54BC4FD820F}.Release|Any CPU.ActiveCfg = Release|Any CPU
		{66F928D6-BBFC-4403-8B99-D54BC4FD820F}.Release|Any CPU.Build.0 = Release|Any CPU
		{C80464DB-A2CA-45B1-95BE-7B22CECD108C}.Debug|Any CPU.ActiveCfg = Debug|Any CPU
		{C80464DB-A2CA-45B1-95BE-7B22CECD108C}.Debug|Any CPU.Build.0 = Debug|Any CPU
		{C80464DB-A2CA-45B1-95BE-7B22CECD108C}.Release|Any CPU.ActiveCfg = Release|Any CPU
		{C80464DB-A2CA-45B1-95BE-7B22CECD108C}.Release|Any CPU.Build.0 = Release|Any CPU
	EndGlobalSection
	GlobalSection(SolutionProperties) = preSolution
		HideSolutionNode = FALSE
	EndGlobalSection
	GlobalSection(ExtensibilityGlobals) = postSolution
		SolutionGuid = {B550315C-E4C6-41BE-B30B-5B22DB6548E6}
	EndGlobalSection
EndGlobal
