
Microsoft Visual Studio Solution File, Format Version 12.00
# Visual Studio Version 17
VisualStudioVersion = 17.4.33110.190
MinimumVisualStudioVersion = 10.0.40219.1
Project("{FAE04EC0-301F-11D3-BF4B-00C04F79EFBC}") = "day09", "day09\day09.csproj", "{4EE21349-467E-4874-939F-FC6A80927657}"
EndProject
Project("{FAE04EC0-301F-11D3-BF4B-00C04F79EFBC}") = "day09.test", "day09.test\day09.test.csproj", "{B032EB7C-868C-4D27-90C1-AB7B6E5F07D3}"
EndProject
Global
	GlobalSection(SolutionConfigurationPlatforms) = preSolution
		Debug|Any CPU = Debug|Any CPU
		Release|Any CPU = Release|Any CPU
	EndGlobalSection
	GlobalSection(ProjectConfigurationPlatforms) = postSolution
		{4EE21349-467E-4874-939F-FC6A80927657}.Debug|Any CPU.ActiveCfg = Debug|Any CPU
		{4EE21349-467E-4874-939F-FC6A80927657}.Debug|Any CPU.Build.0 = Debug|Any CPU
		{4EE21349-467E-4874-939F-FC6A80927657}.Release|Any CPU.ActiveCfg = Release|Any CPU
		{4EE21349-467E-4874-939F-FC6A80927657}.Release|Any CPU.Build.0 = Release|Any CPU
		{B032EB7C-868C-4D27-90C1-AB7B6E5F07D3}.Debug|Any CPU.ActiveCfg = Debug|Any CPU
		{B032EB7C-868C-4D27-90C1-AB7B6E5F07D3}.Debug|Any CPU.Build.0 = Debug|Any CPU
		{B032EB7C-868C-4D27-90C1-AB7B6E5F07D3}.Release|Any CPU.ActiveCfg = Release|Any CPU
		{B032EB7C-868C-4D27-90C1-AB7B6E5F07D3}.Release|Any CPU.Build.0 = Release|Any CPU
	EndGlobalSection
	GlobalSection(SolutionProperties) = preSolution
		HideSolutionNode = FALSE
	EndGlobalSection
	GlobalSection(ExtensibilityGlobals) = postSolution
		SolutionGuid = {79F7245F-FE51-44D6-B50C-28A53705DBE9}
	EndGlobalSection
EndGlobal
