
Microsoft Visual Studio Solution File, Format Version 12.00
# Visual Studio Version 17
VisualStudioVersion = 17.4.33205.214
MinimumVisualStudioVersion = 10.0.40219.1
Project("{FAE04EC0-301F-11D3-BF4B-00C04F79EFBC}") = "Day12", "Day12\Day12.csproj", "{4217481C-8D81-455D-87EA-8B8DF36A1B67}"
EndProject
Project("{FAE04EC0-301F-11D3-BF4B-00C04F79EFBC}") = "Day12.tests", "Day12.tests\Day12.tests.csproj", "{EC05ACEA-0934-4AE1-A3E5-78E16A07EDE7}"
EndProject
Global
	GlobalSection(SolutionConfigurationPlatforms) = preSolution
		Debug|Any CPU = Debug|Any CPU
		Release|Any CPU = Release|Any CPU
	EndGlobalSection
	GlobalSection(ProjectConfigurationPlatforms) = postSolution
		{4217481C-8D81-455D-87EA-8B8DF36A1B67}.Debug|Any CPU.ActiveCfg = Debug|Any CPU
		{4217481C-8D81-455D-87EA-8B8DF36A1B67}.Debug|Any CPU.Build.0 = Debug|Any CPU
		{4217481C-8D81-455D-87EA-8B8DF36A1B67}.Release|Any CPU.ActiveCfg = Release|Any CPU
		{4217481C-8D81-455D-87EA-8B8DF36A1B67}.Release|Any CPU.Build.0 = Release|Any CPU
		{EC05ACEA-0934-4AE1-A3E5-78E16A07EDE7}.Debug|Any CPU.ActiveCfg = Debug|Any CPU
		{EC05ACEA-0934-4AE1-A3E5-78E16A07EDE7}.Debug|Any CPU.Build.0 = Debug|Any CPU
		{EC05ACEA-0934-4AE1-A3E5-78E16A07EDE7}.Release|Any CPU.ActiveCfg = Release|Any CPU
		{EC05ACEA-0934-4AE1-A3E5-78E16A07EDE7}.Release|Any CPU.Build.0 = Release|Any CPU
	EndGlobalSection
	GlobalSection(SolutionProperties) = preSolution
		HideSolutionNode = FALSE
	EndGlobalSection
	GlobalSection(ExtensibilityGlobals) = postSolution
		SolutionGuid = {68B4FAF5-2370-40A9-A5DD-89113769ADC9}
	EndGlobalSection
EndGlobal
